{
  "originHash" : "f54d1b882e223f7594043a449d231f81473bc982a0cae3ada6f62e7e3574b3f2",
  "pins" : [
    {
      "identity" : "swift-vim-engine",
      "kind" : "remoteSourceControl",
      "location" : "https://github.com/msjurset/swift-vim-engine.git",
      "state" : {
        "revision" : "249a277d66e158bb2d03eb4e6c5bea2bcb101298",
        "version" : "1.0.0"
      }
    },
    {
      "identity" : "yams",
      "kind" : "remoteSourceControl",
      "location" : "https://github.com/jpsim/Yams.git",
      "state" : {
        "revision" : "3d6871d5b4a5cd519adf233fbb576e0a2af71c17",
        "version" : "5.4.0"
      }
    }
  ],
  "version" : 3
}
